
Microsoft Visual Studio Solution File, Format Version 12.00
# Visual Studio Version 16
VisualStudioVersion = 16.0.31829.152
MinimumVisualStudioVersion = 10.0.40219.1
Project("{FAE04EC0-301F-11D3-BF4B-00C04F79EFBC}") = "EventSample", "EventSample\EventSample.csproj", "{AD748494-26B6-4902-9779-6606FF57FAF4}"
EndProject
Global
	GlobalSection(SolutionConfigurationPlatforms) = preSolution
		Debug|Any CPU = Debug|Any CPU
		Release|Any CPU = Release|Any CPU
	EndGlobalSection
	GlobalSection(ProjectConfigurationPlatforms) = postSolution
		{AD748494-26B6-4902-9779-6606FF57FAF4}.Debug|Any CPU.ActiveCfg = Debug|Any CPU
		{AD748494-26B6-4902-9779-6606FF57FAF4}.Debug|Any CPU.Build.0 = Debug|Any CPU
		{AD748494-26B6-4902-9779-6606FF57FAF4}.Release|Any CPU.ActiveCfg = Release|Any CPU
		{AD748494-26B6-4902-9779-6606FF57FAF4}.Release|Any CPU.Build.0 = Release|Any CPU
	EndGlobalSection
	GlobalSection(SolutionProperties) = preSolution
		HideSolutionNode = FALSE
	EndGlobalSection
	GlobalSection(ExtensibilityGlobals) = postSolution
		SolutionGuid = {B708112C-5274-45D3-A610-24652FCF0D1A}
	EndGlobalSection
EndGlobal
